// !$*UTF8*$!
{
	archiveVersion = 1;
	classes = {
	};
	objectVersion = 52;
	objects = {

/* Begin PBXBuildFile section */
		46641B8626FA367400DA969B /* iPhoneNumberField in Frameworks */ = {isa = PBXBuildFile; productRef = 46641B8526FA367400DA969B /* iPhoneNumberField */; };
		46641B8826FA583500DA969B /* AboutMe.swift in Sources */ = {isa = PBXBuildFile; fileRef = 46641B8726FA583500DA969B /* AboutMe.swift */; };
		466B76E526F285A4008490C9 /* Assignment1App.swift in Sources */ = {isa = PBXBuildFile; fileRef = 466B76E426F285A4008490C9 /* Assignment1App.swift */; };
		466B76E726F285A4008490C9 /* ContentView.swift in Sources */ = {isa = PBXBuildFile; fileRef = 466B76E626F285A4008490C9 /* ContentView.swift */; };
		466B76E926F285A6008490C9 /* Assets.xcassets in Resources */ = {isa = PBXBuildFile; fileRef = 466B76E826F285A6008490C9 /* Assets.xcassets */; };
		466B76EC26F285A6008490C9 /* Preview Assets.xcassets in Resources */ = {isa = PBXBuildFile; fileRef = 466B76EB26F285A6008490C9 /* Preview Assets.xcassets */; };
		466B76F526F28A75008490C9 /* UserInfoView.swift in Sources */ = {isa = PBXBuildFile; fileRef = 466B76F426F28A75008490C9 /* UserInfoView.swift */; };
		4684711326F2AA420029242F /* NewPageView.swift in Sources */ = {isa = PBXBuildFile; fileRef = 4684711226F2AA420029242F /* NewPageView.swift */; };
		46C5391126FD579C00B83111 /* WebsiteLink.swift in Sources */ = {isa = PBXBuildFile; fileRef = 46C5391026FD579C00B83111 /* WebsiteLink.swift */; };
/* End PBXBuildFile section */

/* Begin PBXFileReference section */
		46641B8726FA583500DA969B /* AboutMe.swift */ = {isa = PBXFileReference; lastKnownFileType = sourcecode.swift; path = AboutMe.swift; sourceTree = "<group>"; };
		466B76E126F285A4008490C9 /* Assignment1.app */ = {isa = PBXFileReference; explicitFileType = wrapper.application; includeInIndex = 0; path = Assignment1.app; sourceTree = BUILT_PRODUCTS_DIR; };
		466B76E426F285A4008490C9 /* Assignment1App.swift */ = {isa = PBXFileReference; lastKnownFileType = sourcecode.swift; path = Assignment1App.swift; sourceTree = "<group>"; };
		466B76E626F285A4008490C9 /* ContentView.swift */ = {isa = PBXFileReference; lastKnownFileType = sourcecode.swift; path = ContentView.swift; sourceTree = "<group>"; };
		466B76E826F285A6008490C9 /* Assets.xcassets */ = {isa = PBXFileReference; lastKnownFileType = folder.assetcatalog; path = Assets.xcassets; sourceTree = "<group>"; };
		466B76EB26F285A6008490C9 /* Preview Assets.xcassets */ = {isa = PBXFileReference; lastKnownFileType = folder.assetcatalog; path = "Preview Assets.xcassets"; sourceTree = "<group>"; };
		466B76ED26F285A6008490C9 /* Info.plist */ = {isa = PBXFileReference; lastKnownFileType = text.plist.xml; path = Info.plist; sourceTree = "<group>"; };
		466B76F426F28A75008490C9 /* UserInfoView.swift */ = {isa = PBXFileReference; lastKnownFileType = sourcecode.swift; path = UserInfoView.swift; sourceTree = "<group>"; };
		4684711226F2AA420029242F /* NewPageView.swift */ = {isa = PBXFileReference; lastKnownFileType = sourcecode.swift; path = NewPageView.swift; sourceTree = "<group>"; };
		46C5391026FD579C00B83111 /* WebsiteLink.swift */ = {isa = PBXFileReference; lastKnownFileType = sourcecode.swift; path = WebsiteLink.swift; sourceTree = "<group>"; };
/* End PBXFileReference section */

/* Begin PBXFrameworksBuildPhase section */
		466B76DE26F285A4008490C9 /* Frameworks */ = {
			isa = PBXFrameworksBuildPhase;
			buildActionMask = 2147483647;
			files = (
				46641B8626FA367400DA969B /* iPhoneNumberField in Frameworks */,
			);
			runOnlyForDeploymentPostprocessing = 0;
		};
/* End PBXFrameworksBuildPhase section */

/* Begin PBXGroup section */
		466B76D826F285A4008490C9 = {
			isa = PBXGroup;
			children = (
				466B76E326F285A4008490C9 /* Assignment1 */,
				466B76E226F285A4008490C9 /* Products */,
			);
			sourceTree = "<group>";
		};
		466B76E226F285A4008490C9 /* Products */ = {
			isa = PBXGroup;
			children = (
				466B76E126F285A4008490C9 /* Assignment1.app */,
			);
			name = Products;
			sourceTree = "<group>";
		};
		466B76E326F285A4008490C9 /* Assignment1 */ = {
			isa = PBXGroup;
			children = (
				466B76F326F289F6008490C9 /* Views */,
				466B76E426F285A4008490C9 /* Assignment1App.swift */,
				466B76E826F285A6008490C9 /* Assets.xcassets */,
				466B76ED26F285A6008490C9 /* Info.plist */,
				466B76EA26F285A6008490C9 /* Preview Content */,
			);
			path = Assignment1;
			sourceTree = "<group>";
		};
		466B76EA26F285A6008490C9 /* Preview Content */ = {
			isa = PBXGroup;
			children = (
				466B76EB26F285A6008490C9 /* Preview Assets.xcassets */,
			);
			path = "Preview Content";
			sourceTree = "<group>";
		};
		466B76F326F289F6008490C9 /* Views */ = {
			isa = PBXGroup;
			children = (
				466B76E626F285A4008490C9 /* ContentView.swift */,
				466B76F426F28A75008490C9 /* UserInfoView.swift */,
				4684711226F2AA420029242F /* NewPageView.swift */,
				46641B8726FA583500DA969B /* AboutMe.swift */,
				46C5391026FD579C00B83111 /* WebsiteLink.swift */,
			);
			path = Views;
			sourceTree = "<group>";
		};
/* End PBXGroup section */

/* Begin PBXNativeTarget section */
		466B76E026F285A4008490C9 /* Assignment1 */ = {
			isa = PBXNativeTarget;
			buildConfigurationList = 466B76F026F285A6008490C9 /* Build configuration list for PBXNativeTarget "Assignment1" */;
			buildPhases = (
				466B76DD26F285A4008490C9 /* Sources */,
				466B76DE26F285A4008490C9 /* Frameworks */,
				466B76DF26F285A4008490C9 /* Resources */,
			);
			buildRules = (
			);
			dependencies = (
			);
			name = Assignment1;
			packageProductDependencies = (
				46641B8526FA367400DA969B /* iPhoneNumberField */,
			);
			productName = Assignment1;
			productReference = 466B76E126F285A4008490C9 /* Assignment1.app */;
			productType = "com.apple.product-type.application";
		};
/* End PBXNativeTarget section */

/* Begin PBXProject section */
		466B76D926F285A4008490C9 /* Project object */ = {
			isa = PBXProject;
			attributes = {
				LastSwiftUpdateCheck = 1250;
				LastUpgradeCheck = 1250;
				TargetAttributes = {
					466B76E026F285A4008490C9 = {
						CreatedOnToolsVersion = 12.5.1;
					};
				};
			};
			buildConfigurationList = 466B76DC26F285A4008490C9 /* Build configuration list for PBXProject "Assignment1" */;
			compatibilityVersion = "Xcode 9.3";
			developmentRegion = en;
			hasScannedForEncodings = 0;
			knownRegions = (
				en,
				Base,
			);
			mainGroup = 466B76D826F285A4008490C9;
			packageReferences = (
				46641B8426FA367400DA969B /* XCRemoteSwiftPackageReference "iPhoneNumberField" */,
			);
			productRefGroup = 466B76E226F285A4008490C9 /* Products */;
			projectDirPath = "";
			projectRoot = "";
			targets = (
				466B76E026F285A4008490C9 /* Assignment1 */,
			);
		};
/* End PBXProject section */

/* Begin PBXResourcesBuildPhase section */
		466B76DF26F285A4008490C9 /* Resources */ = {
			isa = PBXResourcesBuildPhase;
			buildActionMask = 2147483647;
			files = (
				466B76EC26F285A6008490C9 /* Preview Assets.xcassets in Resources */,
				466B76E926F285A6008490C9 /* Assets.xcassets in Resources */,
			);
			runOnlyForDeploymentPostprocessing = 0;
		};
/* End PBXResourcesBuildPhase section */

/* Begin PBXSourcesBuildPhase section */
		466B76DD26F285A4008490C9 /* Sources */ = {
			isa = PBXSourcesBuildPhase;
			buildActionMask = 2147483647;
			files = (
				466B76E726F285A4008490C9 /* ContentView.swift in Sources */,
				46641B8826FA583500DA969B /* AboutMe.swift in Sources */,
				466B76F526F28A75008490C9 /* UserInfoView.swift in Sources */,
				466B76E526F285A4008490C9 /* Assignment1App.swift in Sources */,
				4684711326F2AA420029242F /* NewPageView.swift in Sources */,
				46C5391126FD579C00B83111 /* WebsiteLink.swift in Sources */,
			);
			runOnlyForDeploymentPostprocessing = 0;
		};
/* End PBXSourcesBuildPhase section */

/* Begin XCBuildConfiguration section */
		466B76EE26F285A6008490C9 /* Debug */ = {
			isa = XCBuildConfiguration;
			buildSettings = {
				ALWAYS_SEARCH_USER_PATHS = NO;
				CLANG_ANALYZER_NONNULL = YES;
				CLANG_ANALYZER_NUMBER_OBJECT_CONVERSION = YES_AGGRESSIVE;
				CLANG_CXX_LANGUAGE_STANDARD = "gnu++14";
				CLANG_CXX_LIBRARY = "libc++";
				CLANG_ENABLE_MODULES = YES;
				CLANG_ENABLE_OBJC_ARC = YES;
				CLANG_ENABLE_OBJC_WEAK = YES;
				CLANG_WARN_BLOCK_CAPTURE_AUTORELEASING = YES;
				CLANG_WARN_BOOL_CONVERSION = YES;
				CLANG_WARN_COMMA = YES;
				CLANG_WARN_CONSTANT_CONVERSION = YES;
				CLANG_WARN_DEPRECATED_OBJC_IMPLEMENTATIONS = YES;
				CLANG_WARN_DIRECT_OBJC_ISA_USAGE = YES_ERROR;
				CLANG_WARN_DOCUMENTATION_COMMENTS = YES;
				CLANG_WARN_EMPTY_BODY = YES;
				CLANG_WARN_ENUM_CONVERSION = YES;
				CLANG_WARN_INFINITE_RECURSION = YES;
				CLANG_WARN_INT_CONVERSION = YES;
				CLANG_WARN_NON_LITERAL_NULL_CONVERSION = YES;
				CLANG_WARN_OBJC_IMPLICIT_RETAIN_SELF = YES;
				CLANG_WARN_OBJC_LITERAL_CONVERSION = YES;
				CLANG_WARN_OBJC_ROOT_CLASS = YES_ERROR;
				CLANG_WARN_QUOTED_INCLUDE_IN_FRAMEWORK_HEADER = YES;
				CLANG_WARN_RANGE_LOOP_ANALYSIS = YES;
				CLANG_WARN_STRICT_PROTOTYPES = YES;
				CLANG_WARN_SUSPICIOUS_MOVE = YES;
				CLANG_WARN_UNGUARDED_AVAILABILITY = YES_AGGRESSIVE;
				CLANG_WARN_UNREACHABLE_CODE = YES;
				CLANG_WARN__DUPLICATE_METHOD_MATCH = YES;
				COPY_PHASE_STRIP = NO;
				DEBUG_INFORMATION_FORMAT = dwarf;
				ENABLE_STRICT_OBJC_MSGSEND = YES;
				ENABLE_TESTABILITY = YES;
				GCC_C_LANGUAGE_STANDARD = gnu11;
				GCC_DYNAMIC_NO_PIC = NO;
				GCC_NO_COMMON_BLOCKS = YES;
				GCC_OPTIMIZATION_LEVEL = 0;
				GCC_PREPROCESSOR_DEFINITIONS = (
					"DEBUG=1",
					"$(inherited)",
				);
				GCC_WARN_64_TO_32_BIT_CONVERSION = YES;
				GCC_WARN_ABOUT_RETURN_TYPE = YES_ERROR;
				GCC_WARN_UNDECLARED_SELECTOR = YES;
				GCC_WARN_UNINITIALIZED_AUTOS = YES_AGGRESSIVE;
				GCC_WARN_UNUSED_FUNCTION = YES;
				GCC_WARN_UNUSED_VARIABLE = YES;
				IPHONEOS_DEPLOYMENT_TARGET = 14.5;
				MTL_ENABLE_DEBUG_INFO = INCLUDE_SOURCE;
				MTL_FAST_MATH = YES;
				ONLY_ACTIVE_ARCH = YES;
				SDKROOT = iphoneos;
				SWIFT_ACTIVE_COMPILATION_CONDITIONS = DEBUG;
				SWIFT_OPTIMIZATION_LEVEL = "-Onone";
			};
			name = Debug;
		};
		466B76EF26F285A6008490C9 /* Release */ = {
			isa = XCBuildConfiguration;
			buildSettings = {
				ALWAYS_SEARCH_USER_PATHS = NO;
				CLANG_ANALYZER_NONNULL = YES;
				CLANG_ANALYZER_NUMBER_OBJECT_CONVERSION = YES_AGGRESSIVE;
				CLANG_CXX_LANGUAGE_STANDARD = "gnu++14";
				CLANG_CXX_LIBRARY = "libc++";
				CLANG_ENABLE_MODULES = YES;
				CLANG_ENABLE_OBJC_ARC = YES;
				CLANG_ENABLE_OBJC_WEAK = YES;
				CLANG_WARN_BLOCK_CAPTURE_AUTORELEASING = YES;
				CLANG_WARN_BOOL_CONVERSION = YES;
				CLANG_WARN_COMMA = YES;
				CLANG_WARN_CONSTANT_CONVERSION = YES;
				CLANG_WARN_DEPRECATED_OBJC_IMPLEMENTATIONS = YES;
				CLANG_WARN_DIRECT_OBJC_ISA_USAGE = YES_ERROR;
				CLANG_WARN_DOCUMENTATION_COMMENTS = YES;
				CLANG_WARN_EMPTY_BODY = YES;
				CLANG_WARN_ENUM_CONVERSION = YES;
				CLANG_WARN_INFINITE_RECURSION = YES;
				CLANG_WARN_INT_CONVERSION = YES;
				CLANG_WARN_NON_LITERAL_NULL_CONVERSION = YES;
				CLANG_WARN_OBJC_IMPLICIT_RETAIN_SELF = YES;
				CLANG_WARN_OBJC_LITERAL_CONVERSION = YES;
				CLANG_WARN_OBJC_ROOT_CLASS = YES_ERROR;
				CLANG_WARN_QUOTED_INCLUDE_IN_FRAMEWORK_HEADER = YES;
				CLANG_WARN_RANGE_LOOP_ANALYSIS = YES;
				CLANG_WARN_STRICT_PROTOTYPES = YES;
				CLANG_WARN_SUSPICIOUS_MOVE = YES;
				CLANG_WARN_UNGUARDED_AVAILABILITY = YES_AGGRESSIVE;
				CLANG_WARN_UNREACHABLE_CODE = YES;
				CLANG_WARN__DUPLICATE_METHOD_MATCH = YES;
				COPY_PHASE_STRIP = NO;
				DEBUG_INFORMATION_FORMAT = "dwarf-with-dsym";
				ENABLE_NS_ASSERTIONS = NO;
				ENABLE_STRICT_OBJC_MSGSEND = YES;
				GCC_C_LANGUAGE_STANDARD = gnu11;
				GCC_NO_COMMON_BLOCKS = YES;
				GCC_WARN_64_TO_32_BIT_CONVERSION = YES;
				GCC_WARN_ABOUT_RETURN_TYPE = YES_ERROR;
				GCC_WARN_UNDECLARED_SELECTOR = YES;
				GCC_WARN_UNINITIALIZED_AUTOS = YES_AGGRESSIVE;
				GCC_WARN_UNUSED_FUNCTION = YES;
				GCC_WARN_UNUSED_VARIABLE = YES;
				IPHONEOS_DEPLOYMENT_TARGET = 14.5;
				MTL_ENABLE_DEBUG_INFO = NO;
				MTL_FAST_MATH = YES;
				SDKROOT = iphoneos;
				SWIFT_COMPILATION_MODE = wholemodule;
				SWIFT_OPTIMIZATION_LEVEL = "-O";
				VALIDATE_PRODUCT = YES;
			};
			name = Release;
		};
		466B76F126F285A6008490C9 /* Debug */ = {
			isa = XCBuildConfiguration;
			buildSettings = {
				ASSETCATALOG_COMPILER_APPICON_NAME = AppIcon;
				ASSETCATALOG_COMPILER_GLOBAL_ACCENT_COLOR_NAME = AccentColor;
				CODE_SIGN_STYLE = Automatic;
				DEVELOPMENT_ASSET_PATHS = "\"Assignment1/Preview Content\"";
				ENABLE_PREVIEWS = YES;
				INFOPLIST_FILE = Assignment1/Info.plist;
				IPHONEOS_DEPLOYMENT_TARGET = 14.0;
				LD_RUNPATH_SEARCH_PATHS = (
					"$(inherited)",
					"@executable_path/Frameworks",
				);
				PRODUCT_BUNDLE_IDENTIFIER = com.michaelwright.Assignment1;
				PRODUCT_NAME = "$(TARGET_NAME)";
				SWIFT_VERSION = 5.0;
				TARGETED_DEVICE_FAMILY = "1,2";
			};
			name = Debug;
		};
		466B76F226F285A6008490C9 /* Release */ = {
			isa = XCBuildConfiguration;
			buildSettings = {
				ASSETCATALOG_COMPILER_APPICON_NAME = AppIcon;
				ASSETCATALOG_COMPILER_GLOBAL_ACCENT_COLOR_NAME = AccentColor;
				CODE_SIGN_STYLE = Automatic;
				DEVELOPMENT_ASSET_PATHS = "\"Assignment1/Preview Content\"";
				ENABLE_PREVIEWS = YES;
				INFOPLIST_FILE = Assignment1/Info.plist;
				IPHONEOS_DEPLOYMENT_TARGET = 14.0;
				LD_RUNPATH_SEARCH_PATHS = (
					"$(inherited)",
					"@executable_path/Frameworks",
				);
				PRODUCT_BUNDLE_IDENTIFIER = com.michaelwright.Assignment1;
				PRODUCT_NAME = "$(TARGET_NAME)";
				SWIFT_VERSION = 5.0;
				TARGETED_DEVICE_FAMILY = "1,2";
			};
			name = Release;
		};
/* End XCBuildConfiguration section */

/* Begin XCConfigurationList section */
		466B76DC26F285A4008490C9 /* Build configuration list for PBXProject "Assignment1" */ = {
			isa = XCConfigurationList;
			buildConfigurations = (
				466B76EE26F285A6008490C9 /* Debug */,
				466B76EF26F285A6008490C9 /* Release */,
			);
			defaultConfigurationIsVisible = 0;
			defaultConfigurationName = Release;
		};
		466B76F026F285A6008490C9 /* Build configuration list for PBXNativeTarget "Assignment1" */ = {
			isa = XCConfigurationList;
			buildConfigurations = (
				466B76F126F285A6008490C9 /* Debug */,
				466B76F226F285A6008490C9 /* Release */,
			);
			defaultConfigurationIsVisible = 0;
			defaultConfigurationName = Release;
		};
/* End XCConfigurationList section */

/* Begin XCRemoteSwiftPackageReference section */
		46641B8426FA367400DA969B /* XCRemoteSwiftPackageReference "iPhoneNumberField" */ = {
			isa = XCRemoteSwiftPackageReference;
			repositoryURL = "https://github.com/MojtabaHs/iPhoneNumberField.git";
			requirement = {
				kind = upToNextMajorVersion;
				minimumVersion = 0.6.1;
			};
		};
/* End XCRemoteSwiftPackageReference section */

/* Begin XCSwiftPackageProductDependency section */
		46641B8526FA367400DA969B /* iPhoneNumberField */ = {
			isa = XCSwiftPackageProductDependency;
			package = 46641B8426FA367400DA969B /* XCRemoteSwiftPackageReference "iPhoneNumberField" */;
			productName = iPhoneNumberField;
		};
/* End XCSwiftPackageProductDependency section */
	};
	rootObject = 466B76D926F285A4008490C9 /* Project object */;
}
